
Microsoft Visual Studio Solution File, Format Version 12.00
# Visual Studio Version 17
VisualStudioVersion = 17.11.35303.130
MinimumVisualStudioVersion = 10.0.40219.1
Project("{FAE04EC0-301F-11D3-BF4B-00C04F79EFBC}") = "CSCI-C-308-TEAM5.API", "CSCI-C-308-PROJECT\CSCI-C-308-TEAM5.API.csproj", "{4F79AC96-D380-4444-80B0-F1068471AB73}"
EndProject
Global
	GlobalSection(SolutionConfigurationPlatforms) = preSolution
		Debug|Any CPU = Debug|Any CPU
		Release|Any CPU = Release|Any CPU
	EndGlobalSection
	GlobalSection(ProjectConfigurationPlatforms) = postSolution
		{4F79AC96-D380-4444-80B0-F1068471AB73}.Debug|Any CPU.ActiveCfg = Debug|Any CPU
		{4F79AC96-D380-4444-80B0-F1068471AB73}.Debug|Any CPU.Build.0 = Debug|Any CPU
		{4F79AC96-D380-4444-80B0-F1068471AB73}.Release|Any CPU.ActiveCfg = Release|Any CPU
		{4F79AC96-D380-4444-80B0-F1068471AB73}.Release|Any CPU.Build.0 = Release|Any CPU
	EndGlobalSection
	GlobalSection(SolutionProperties) = preSolution
		HideSolutionNode = FALSE
	EndGlobalSection
	GlobalSection(ExtensibilityGlobals) = postSolution
		SolutionGuid = {C7B6C47B-383C-479F-8A33-ABB2CD5703D2}
	EndGlobalSection
EndGlobal
